{
  "name": "trem-report-plus-plugin",
  "lockfileVersion": 3,
  "requires": true,
  "packages": {
    "": {
      "dependencies": {
        "@exptech/http": "github:ExpTechTW/exptech-sdk-http#0.0.4"
      }
    },
    "node_modules/@exptech/core": {
      "version": "0.0.1",
      "resolved": "git+ssh://git@github.com/ExpTechTW/exptech-sdk-core.git#3571669e14b48c0f035beb7efb7375769c3a0b6f",
      "license": "MIT"
    },
    "node_modules/@exptech/http": {
      "version": "0.0.4",
      "resolved": "git+ssh://git@github.com/ExpTechTW/exptech-sdk-http.git#40e9d8f54b1fb52a01823ee80696faa54a4809f9",
      "license": "MIT",
      "dependencies": {
        "@exptech/core": "github:ExpTechTW/exptech-sdk-core#0.0.1"
      }
    }
  }
}
